{
  "dependencies": {
    "windmill-client": "latest"
  }
}
//bun.lock
{
  "lockfileVersion": 1,
  "workspaces": {
    "": {
      "dependencies": {
        "windmill-client": "latest",
      },
    },
  },
  "packages": {
    "windmill-client": ["windmill-client@1.536.0", "", {}, "sha512-2czGtGThMCDQlenoMsvMLgcyLnl9P1h1WJ+7JhwGQiETxJIIEbXZALcmbXOHyQ9PP3ckjtKdiSEhWssFw8FrOg=="],
  }
}
