version: v2
locks:
  f/t/grand_script+60835c40e00d3b2db2f33000b66093d8215714a1fd3c5d5c17c943e0df46a96b: 60835c40e00d3b2db2f33000b66093d8215714a1fd3c5d5c17c943e0df46a96b
  u/admin/energetic_flow.flow+674cec779f7e84bf468f636f78f89f66a48295d00e7f14f14b84b49f8cf934a8: 674cec779f7e84bf468f636f78f89f66a48295d00e7f14f14b84b49f8cf934a8
  u/admin/energetic_flow.flow+9a19399c5d3178ef21033c95f7dbadbf7180d0481593131332755d26dc847503: 9a19399c5d3178ef21033c95f7dbadbf7180d0481593131332755d26dc847503
  u/admin/gold_script+475b459d1d1b4f2d5fc97d45f5138d91aff64e93e0979c07f89f98ad80e7ca6c: 475b459d1d1b4f2d5fc97d45f5138d91aff64e93e0979c07f89f98ad80e7ca6c
  u/admin/gold_script+c7fe5daa7b000b9d6bf0c3cc82d7224475baea35592d0be3c40a129e238f250b: c7fe5daa7b000b9d6bf0c3cc82d7224475baea35592d0be3c40a129e238f250b
  u/admin/goodly_script+7bae50c734c942a480e39e2777c6a0e0093db1298ab53a598b9d85acc29617e0: 7bae50c734c942a480e39e2777c6a0e0093db1298ab53a598b9d85acc29617e0
  u/admin/handy_script+d5b79cb69fb6fdcc313bd14bc20b3f2321e7668a3c9fbbfaee8d0c11a670c2fd: d5b79cb69fb6fdcc313bd14bc20b3f2321e7668a3c9fbbfaee8d0c11a670c2fd
  u/admin/hottest_script+362679d0972c137f79d434254f6efdf0894f649ad00db1c62e3c73decb2bae25: 362679d0972c137f79d434254f6efdf0894f649ad00db1c62e3c73decb2bae25
  u/admin/hottest_script+36dde4725834a1e38b0932d2aeb8ddbe4a85398746406c04b2a0a2cc1a094ee4: 36dde4725834a1e38b0932d2aeb8ddbe4a85398746406c04b2a0a2cc1a094ee4
  u/admin/hottest_script+9e894e1cb14e6820b229fee7e88cb7f877a97bbef00fdf972aab380325e27c85: 9e894e1cb14e6820b229fee7e88cb7f877a97bbef00fdf972aab380325e27c85
  u/admin/hottest_script+b54c5fd91d72c71d7af546d08edad7e4ca56bf6be375e09cc017cc0268a435fb: b54c5fd91d72c71d7af546d08edad7e4ca56bf6be375e09cc017cc0268a435fb
  u/admin/hottest_script+ea4294ff0622466241fea749ac4ffad4b37ed8668d40cd5ab7649d7880d5e450: ea4294ff0622466241fea749ac4ffad4b37ed8668d40cd5ab7649d7880d5e450
  u/admin/hottest_script+f15128ec8a336f9d97a7d271c66893c3eaa5ad4183cfd8dd21a88b606ba72d7a: f15128ec8a336f9d97a7d271c66893c3eaa5ad4183cfd8dd21a88b606ba72d7a
  u/admin/hub_sync+8ed2f53ab1cf5cc65157dad58721edb08e99f8f1fba641b8f15700c09f75e7eb: 8ed2f53ab1cf5cc65157dad58721edb08e99f8f1fba641b8f15700c09f75e7eb
  u/admin/lighter_script+316fb1e3e1deeeed01dd5b89ed1cbad8d5bddb512570af3e6f652c39d8d5a6c8: 316fb1e3e1deeeed01dd5b89ed1cbad8d5bddb512570af3e6f652c39d8d5a6c8
  u/admin/lighter_script+3cccfbd782f4f4ae21fcc7770f82826e295fb2b1a9e22ab6af6586357ed9d7d0: 3cccfbd782f4f4ae21fcc7770f82826e295fb2b1a9e22ab6af6586357ed9d7d0
  u/admin/prize_script+70c4b79262e7e38284b06a837ed0271e884b23fbd25c715a65552462f0dafc87: 70c4b79262e7e38284b06a837ed0271e884b23fbd25c715a65552462f0dafc87
  u/admin/stunned_script+55b4b3bc6f8a2f92a62d308122c60f3251ac1aea95f2f87e52663fbcc23baa39: 55b4b3bc6f8a2f92a62d308122c60f3251ac1aea95f2f87e52663fbcc23baa39
  u/admin/stunned_script+9464c1f899bcc5ee59b99eb6695431423a17c4fa410214953c6931216742ecc7: 9464c1f899bcc5ee59b99eb6695431423a17c4fa410214953c6931216742ecc7
  u/admin/timely_script+7e0a47e78de6827643f01215545cf3ab27f7f8aff1a497f7f121153284559448: 7e0a47e78de6827643f01215545cf3ab27f7f8aff1a497f7f121153284559448
  u/admin/timely_script+82a4ad8a7323928eb7959e87381a38290dd6018747a5e6a7c9c1421234862f16: 82a4ad8a7323928eb7959e87381a38290dd6018747a5e6a7c9c1421234862f16
  u/admin/valuable_script+22f2dc5c8c1ef4a133dd5422c80988eba8674ca838979039683145479d104cdf: 22f2dc5c8c1ef4a133dd5422c80988eba8674ca838979039683145479d104cdf
  u/admin/valuable_script+8d8c9eb1eee8bd17ba4804a75806845c51b5535f0ee367aa441d058e7ec14fc2: 8d8c9eb1eee8bd17ba4804a75806845c51b5535f0ee367aa441d058e7ec14fc2
  u/admin/wise_script+3e6f881f2a30166b30a8c7580fad4bad031acd8eba4d9ebdd8af9b4d83d6c151: 3e6f881f2a30166b30a8c7580fad4bad031acd8eba4d9ebdd8af9b4d83d6c151
  u/user/grand_script+7367e390aa5f236cb622f2c8a41aa5ce1e1c0ce3c57d28a58835d2ae9bf6005d: 7367e390aa5f236cb622f2c8a41aa5ce1e1c0ce3c57d28a58835d2ae9bf6005d
